
Microsoft Visual Studio Solution File, Format Version 12.00
# Visual Studio Version 16
VisualStudioVersion = 16.0.29613.14
MinimumVisualStudioVersion = 10.0.40219.1
Project("{FAE04EC0-301F-11D3-BF4B-00C04F79EFBC}") = "JobPortal_MVCAssignment", "JobPortal_MVCAssignment.csproj", "{A56F39E6-814F-4546-B049-87FF91B94E4F}"
EndProject
Project("{FAE04EC0-301F-11D3-BF4B-00C04F79EFBC}") = "JobPortal_Entity", "..\JobPortal_Entity\JobPortal_Entity.csproj", "{E72CC42D-8FF5-4159-A8CB-EB44D5A41DA9}"
EndProject
Project("{FAE04EC0-301F-11D3-BF4B-00C04F79EFBC}") = "JobPortal_DAL", "..\JobPortal_DAL\JobPortal_DAL.csproj", "{E09202E5-79F0-4D91-90FF-2E4751CF8AE2}"
EndProject
Global
	GlobalSection(SolutionConfigurationPlatforms) = preSolution
		Debug|Any CPU = Debug|Any CPU
		Release|Any CPU = Release|Any CPU
	EndGlobalSection
	GlobalSection(ProjectConfigurationPlatforms) = postSolution
		{A56F39E6-814F-4546-B049-87FF91B94E4F}.Debug|Any CPU.ActiveCfg = Debug|Any CPU
		{A56F39E6-814F-4546-B049-87FF91B94E4F}.Debug|Any CPU.Build.0 = Debug|Any CPU
		{A56F39E6-814F-4546-B049-87FF91B94E4F}.Release|Any CPU.ActiveCfg = Release|Any CPU
		{A56F39E6-814F-4546-B049-87FF91B94E4F}.Release|Any CPU.Build.0 = Release|Any CPU
		{E72CC42D-8FF5-4159-A8CB-EB44D5A41DA9}.Debug|Any CPU.ActiveCfg = Debug|Any CPU
		{E72CC42D-8FF5-4159-A8CB-EB44D5A41DA9}.Debug|Any CPU.Build.0 = Debug|Any CPU
		{E72CC42D-8FF5-4159-A8CB-EB44D5A41DA9}.Release|Any CPU.ActiveCfg = Release|Any CPU
		{E72CC42D-8FF5-4159-A8CB-EB44D5A41DA9}.Release|Any CPU.Build.0 = Release|Any CPU
		{E09202E5-79F0-4D91-90FF-2E4751CF8AE2}.Debug|Any CPU.ActiveCfg = Debug|Any CPU
		{E09202E5-79F0-4D91-90FF-2E4751CF8AE2}.Debug|Any CPU.Build.0 = Debug|Any CPU
		{E09202E5-79F0-4D91-90FF-2E4751CF8AE2}.Release|Any CPU.ActiveCfg = Release|Any CPU
		{E09202E5-79F0-4D91-90FF-2E4751CF8AE2}.Release|Any CPU.Build.0 = Release|Any CPU
	EndGlobalSection
	GlobalSection(SolutionProperties) = preSolution
		HideSolutionNode = FALSE
	EndGlobalSection
	GlobalSection(ExtensibilityGlobals) = postSolution
		SolutionGuid = {8138423B-9CDE-4F12-B089-5E7C78964DC7}
	EndGlobalSection
EndGlobal
